
Microsoft Visual Studio Solution File, Format Version 11.00
# Visual Studio 2010
Project("{8BC9CEB8-8B4A-11D0-8D11-00A0C91BC942}") = "opencvTest", "opencvTest\opencvTest.vcxproj", "{EFB6FECF-1AC8-42A9-8E0F-A544B215B227}"
EndProject
Global
	GlobalSection(SolutionConfigurationPlatforms) = preSolution
		Debug|Win32 = Debug|Win32
		Release|Win32 = Release|Win32
	EndGlobalSection
	GlobalSection(ProjectConfigurationPlatforms) = postSolution
		{EFB6FECF-1AC8-42A9-8E0F-A544B215B227}.Debug|Win32.ActiveCfg = Debug|Win32
		{EFB6FECF-1AC8-42A9-8E0F-A544B215B227}.Debug|Win32.Build.0 = Debug|Win32
		{EFB6FECF-1AC8-42A9-8E0F-A544B215B227}.Release|Win32.ActiveCfg = Release|Win32
		{EFB6FECF-1AC8-42A9-8E0F-A544B215B227}.Release|Win32.Build.0 = Release|Win32
	EndGlobalSection
	GlobalSection(SolutionProperties) = preSolution
		HideSolutionNode = FALSE
	EndGlobalSection
EndGlobal
